{
  "name": "learnautomation",
  "version": "1.0.0",
  "lockfileVersion": 3,
  "requires": true,
  "packages": {
    "": {
      "name": "learnautomation",
      "version": "1.0.0",
      "license": "ISC",
      "dependencies": {
        "@faker-js/faker": "^8.3.1"
      },
      "devDependencies": {
        "@playwright/test": "^1.41.1",
        "@types/node": "^20.10.8"
      }
    },
    "node_modules/@faker-js/faker": {
      "version": "8.3.1",
      "resolved": "https://registry.npmjs.org/@faker-js/faker/-/faker-8.3.1.tgz",
      "integrity": "sha512-FdgpFxY6V6rLZE9mmIBb9hM0xpfvQOSNOLnzolzKwsE1DH+gC7lEKV1p1IbR0lAYyvYd5a4u3qWJzowUkw1bIw==",
      "funding": [
        {
          "type": "opencollective",
          "url": "https://opencollective.com/fakerjs"
        }
      ],
      "engines": {
        "node": "^14.17.0 || ^16.13.0 || >=18.0.0",
        "npm": ">=6.14.13"
      }
    },
    "node_modules/@playwright/test": {
      "version": "1.41.1",
      "resolved": "https://registry.npmjs.org/@playwright/test/-/test-1.41.1.tgz",
      "integrity": "sha512-9g8EWTjiQ9yFBXc6HjCWe41msLpxEX0KhmfmPl9RPLJdfzL4F0lg2BdJ91O9azFdl11y1pmpwdjBiSxvqc+btw==",
      "dev": true,
      "dependencies": {
        "playwright": "1.41.1"
      },
      "bin": {
        "playwright": "cli.js"
      },
      "engines": {
        "node": ">=16"
      }
    },
    "node_modules/@types/node": {
      "version": "20.10.8",
      "resolved": "https://registry.npmjs.org/@types/node/-/node-20.10.8.tgz",
      "integrity": "sha512-f8nQs3cLxbAFc00vEU59yf9UyGUftkPaLGfvbVOIDdx2i1b8epBqj2aNGyP19fiyXWvlmZ7qC1XLjAzw/OKIeA==",
      "dev": true,
      "dependencies": {
        "undici-types": "~5.26.4"
      }
    },
    "node_modules/fsevents": {
      "version": "2.3.2",
      "resolved": "https://registry.npmjs.org/fsevents/-/fsevents-2.3.2.tgz",
      "integrity": "sha512-xiqMQR4xAeHTuB9uWm+fFRcIOgKBMiOBP+eXiyT7jsgVCq1bkVygt00oASowB7EdtpOHaaPgKt812P9ab+DDKA==",
      "dev": true,
      "hasInstallScript": true,
      "optional": true,
      "os": [
        "darwin"
      ],
      "engines": {
        "node": "^8.16.0 || ^10.6.0 || >=11.0.0"
      }
    },
    "node_modules/playwright": {
      "version": "1.41.1",
      "resolved": "https://registry.npmjs.org/playwright/-/playwright-1.41.1.tgz",
      "integrity": "sha512-gdZAWG97oUnbBdRL3GuBvX3nDDmUOuqzV/D24dytqlKt+eI5KbwusluZRGljx1YoJKZ2NRPaeWiFTeGZO7SosQ==",
      "dev": true,
      "dependencies": {
        "playwright-core": "1.41.1"
      },
      "bin": {
        "playwright": "cli.js"
      },
      "engines": {
        "node": ">=16"
      },
      "optionalDependencies": {
        "fsevents": "2.3.2"
      }
    },
    "node_modules/playwright-core": {
      "version": "1.41.1",
      "resolved": "https://registry.npmjs.org/playwright-core/-/playwright-core-1.41.1.tgz",
      "integrity": "sha512-/KPO5DzXSMlxSX77wy+HihKGOunh3hqndhqeo/nMxfigiKzogn8kfL0ZBDu0L1RKgan5XHCPmn6zXd2NUJgjhg==",
      "dev": true,
      "bin": {
        "playwright-core": "cli.js"
      },
      "engines": {
        "node": ">=16"
      }
    },
    "node_modules/undici-types": {
      "version": "5.26.5",
      "resolved": "https://registry.npmjs.org/undici-types/-/undici-types-5.26.5.tgz",
      "integrity": "sha512-JlCMO+ehdEIKqlFxk6IfVoAUVmgz7cU7zD/h9XZ0qzeosSHmUJVOzSQvvYSYWXkFXC+IfLKSIffhv0sVZup6pA==",
      "dev": true
    }
  }
}
